
Microsoft Visual Studio Solution File, Format Version 12.00
# Visual Studio Version 16
VisualStudioVersion = 16.0.29613.14
MinimumVisualStudioVersion = 10.0.40219.1
Project("{FAE04EC0-301F-11D3-BF4B-00C04F79EFBC}") = "ShazamExample1", "ShazamExample1\ShazamExample1.csproj", "{DCDB7971-CB83-4D19-BFF4-F4D3DB7D2DBF}"
EndProject
Global
	GlobalSection(SolutionConfigurationPlatforms) = preSolution
		Debug|Any CPU = Debug|Any CPU
		Release|Any CPU = Release|Any CPU
	EndGlobalSection
	GlobalSection(ProjectConfigurationPlatforms) = postSolution
		{DCDB7971-CB83-4D19-BFF4-F4D3DB7D2DBF}.Debug|Any CPU.ActiveCfg = Debug|Any CPU
		{DCDB7971-CB83-4D19-BFF4-F4D3DB7D2DBF}.Debug|Any CPU.Build.0 = Debug|Any CPU
		{DCDB7971-CB83-4D19-BFF4-F4D3DB7D2DBF}.Release|Any CPU.ActiveCfg = Release|Any CPU
		{DCDB7971-CB83-4D19-BFF4-F4D3DB7D2DBF}.Release|Any CPU.Build.0 = Release|Any CPU
	EndGlobalSection
	GlobalSection(SolutionProperties) = preSolution
		HideSolutionNode = FALSE
	EndGlobalSection
	GlobalSection(ExtensibilityGlobals) = postSolution
		SolutionGuid = {AB666524-11F2-4FD3-B7C0-688D5C5A58F0}
	EndGlobalSection
EndGlobal
